# This file is automatically @generated by Cargo.
# It is not intended for manual editing.
version = 4

[[package]]
name = "cc"
version = "1.2.34"
source = "registry+https://github.com/rust-lang/crates.io-index"
checksum = "42bc4aea80032b7bf409b0bc7ccad88853858911b7713a8062fdc0623867bedc"
dependencies = [
 "shlex",
]

[[package]]
name = "kukka"
version = "0.1.0"
dependencies = [
 "memchr",
 "rustc-hash",
 "tikv-jemallocator",
]

[[package]]
name = "libc"
version = "0.2.175"
source = "registry+https://github.com/rust-lang/crates.io-index"
checksum = "6a82ae493e598baaea5209805c49bbf2ea7de956d50d7da0da1164f9c6d28543"

[[package]]
name = "memchr"
version = "2.7.6"
source = "registry+https://github.com/rust-lang/crates.io-index"
checksum = "f52b00d39961fc5b2736ea853c9cc86238e165017a493d1d5c8eac6bdc4cc273"

[[package]]
name = "rustc-hash"
version = "2.1.1"
source = "registry+https://github.com/rust-lang/crates.io-index"
checksum = "357703d41365b4b27c590e3ed91eabb1b663f07c4c084095e60cbed4362dff0d"

[[package]]
name = "shlex"
version = "1.3.0"
source = "registry+https://github.com/rust-lang/crates.io-index"
checksum = "0fda2ff0d084019ba4d7c6f371c95d8fd75ce3524c3cb8fb653a3023f6323e64"

[[package]]
name = "tikv-jemalloc-sys"
version = "0.6.0+5.3.0-1-ge13ca993e8ccb9ba9847cc330696e02839f328f7"
source = "registry+https://github.com/rust-lang/crates.io-index"
checksum = "cd3c60906412afa9c2b5b5a48ca6a5abe5736aec9eb48ad05037a677e52e4e2d"
dependencies = [
 "cc",
 "libc",
]

[[package]]
name = "tikv-jemallocator"
version = "0.6.0"
source = "registry+https://github.com/rust-lang/crates.io-index"
checksum = "4cec5ff18518d81584f477e9bfdf957f5bb0979b0bac3af4ca30b5b3ae2d2865"
dependencies = [
 "libc",
 "tikv-jemalloc-sys",
]
